{
  "name": "friendfinder",
  "version": "1.0.0",
  "description": "GT Week 13 Homework",
  "main": "server.js",
  "scripts": {
    "test": "none",
    "start": "node server.js"
  },
  "repository": {
    "type": "git",
    "url": "https://github.com/j22shelton/FriendFinder.git"
  },
  "keywords": [
    "none"
  ],
  "author": "adm",
  "license": "ISC",
  "bugs": {
    "url": "https://github.com/j22shelton/FriendFinder/issues"
  },
  "homepage": "https://github.com/j22shelton/FriendFinder#readme",
  "dependencies": {
    "body-parser": "^1.17.1",
    "express": "^4.15.2",
    "path": "^0.12.7"
  },
  "engines": {
    "node": "7.4.0"
  }
}
